<?xml version="1.0" encoding="UTF-8" standalone="yes" ?>
<CodeBlocks_project_file>
	<FileVersion major="1" minor="6" />
	<Project>
		<Option title="Pokemon Go Project" />
		<Option pch_mode="2" />
		<Option compiler="gcc" />
		<Build>
			<Target title="Debug">
				<Option output="bin/Debug/Pokemon Go Project" prefix_auto="1" extension_auto="1" />
				<Option object_output="obj/Debug/" />
				<Option type="1" />
				<Option compiler="gcc" />
				<Compiler>
					<Add option="-g" />
				</Compiler>
			</Target>
			<Target title="Release">
				<Option output="bin/Release/Pokemon Go Project" prefix_auto="1" extension_auto="1" />
				<Option object_output="obj/Release/" />
				<Option type="1" />
				<Option compiler="gcc" />
				<Compiler>
					<Add option="-O2" />
				</Compiler>
				<Linker>
					<Add option="-s" />
				</Linker>
			</Target>
		</Build>
		<Compiler>
			<Add option="-Wall" />
			<Add option="-fexceptions" />
		</Compiler>
		<Unit filename="001_Bulbasaur" />
		<Unit filename="002_Ivysaur" />
		<Unit filename="003_Venusaur" />
		<Unit filename="004_Charmander" />
		<Unit filename="005_Charmeleon" />
		<Unit filename="006_Charizard" />
		<Unit filename="007_Squirtle" />
		<Unit filename="008_Wartotle" />
		<Unit filename="009_Blastoise" />
		<Unit filename="010_Caterpie" />
		<Unit filename="011_Metapod" />
		<Unit filename="012_Butterfree" />
		<Unit filename="013_Weedle" />
		<Unit filename="014_Kakuna" />
		<Unit filename="015_Beedrill" />
		<Unit filename="016_Pidgey" />
		<Unit filename="017_Pidgeotto" />
		<Unit filename="018_Pidgeot" />
		<Unit filename="019_Rattata" />
		<Unit filename="020_Raticate" />
		<Unit filename="021_Spearow" />
		<Unit filename="022_Fearow" />
		<Unit filename="023_Ekans" />
		<Unit filename="024_Arbok" />
		<Unit filename="025_Pikachu" />
		<Unit filename="026_Raichu" />
		<Unit filename="027_Sandshrew" />
		<Unit filename="028_Sandslash" />
		<Unit filename="029_Nidoran" />
		<Unit filename="030_Nidorina" />
		<Unit filename="031_Nidoqueen" />
		<Unit filename="032_Nidoran" />
		<Unit filename="033_Nidorino" />
		<Unit filename="034_Nidoking" />
		<Unit filename="035_Clefairy" />
		<Unit filename="036_Clefable" />
		<Unit filename="037_Vulpix" />
		<Unit filename="038_Ninetales" />
		<Unit filename="039_Jigglypuff" />
		<Unit filename="040_Wifflytuff" />
		<Unit filename="041_Zubat" />
		<Unit filename="042_Golbat" />
		<Unit filename="043_Oddish" />
		<Unit filename="044_Gloom" />
		<Unit filename="045_Vileplume" />
		<Unit filename="046_Paras" />
		<Unit filename="047_Parasect" />
		<Unit filename="048_Venonat" />
		<Unit filename="049_Venomoth" />
		<Unit filename="050_Diglett" />
		<Unit filename="051_Dugtrio" />
		<Unit filename="052_Meowth" />
		<Unit filename="053_Persian" />
		<Unit filename="054_Psyduck" />
		<Unit filename="055_Golduck" />
		<Unit filename="056_Mankey" />
		<Unit filename="057_Primeape" />
		<Unit filename="058_Growlithe" />
		<Unit filename="059_Arcanine" />
		<Unit filename="060_Poliwag" />
		<Unit filename="061_Poliwhirl" />
		<Unit filename="062_Poliwrath" />
		<Unit filename="063_Abra" />
		<Unit filename="064_Kadabra" />
		<Unit filename="065_Alakazam" />
		<Unit filename="066_Machop" />
		<Unit filename="067_Machoke" />
		<Unit filename="068_Machamp" />
		<Unit filename="069_Bellsprout" />
		<Unit filename="070_Weepinbell" />
		<Unit filename="071_Victreebell" />
		<Unit filename="072_Tentacool" />
		<Unit filename="073_Tentacruel" />
		<Unit filename="074_Geodude" />
		<Unit filename="075_Graveler" />
		<Unit filename="076_Golem" />
		<Unit filename="077_Ponyta" />
		<Unit filename="078_Rapidash" />
		<Unit filename="079_Slowpoke" />
		<Unit filename="080_Slowbro" />
		<Unit filename="081_Pagnemite" />
		<Unit filename="082_Magneton" />
		<Unit filename="083_Farfetch&apos;d" />
		<Unit filename="084_Duduo" />
		<Unit filename="085_Dodrio" />
		<Unit filename="086_Seel" />
		<Unit filename="087_Dewgong" />
		<Unit filename="088_Grimer" />
		<Unit filename="089_Muk" />
		<Unit filename="090_Shellder" />
		<Unit filename="091_Cloyster" />
		<Unit filename="092_Gastly" />
		<Unit filename="093_Haunter" />
		<Unit filename="094_Gengar" />
		<Unit filename="095_Onix" />
		<Unit filename="096_Drowzee" />
		<Unit filename="097_Hypno" />
		<Unit filename="098_Krabby" />
		<Unit filename="099_Kingler" />
		<Unit filename="100_Volturb" />
		<Unit filename="101_Electrode" />
		<Unit filename="102_Exeggcute" />
		<Unit filename="103_Exeggutor" />
		<Unit filename="104_Cubone" />
		<Unit filename="105_Marowak" />
		<Unit filename="106_Hitmonlee" />
		<Unit filename="107_Hitmonchan" />
		<Unit filename="108_Lickitung" />
		<Unit filename="109_Koffing" />
		<Unit filename="110_Weezing" />
		<Unit filename="111_Rhyhorn" />
		<Unit filename="112_Rhydon" />
		<Unit filename="113_Chansey" />
		<Unit filename="114_Tangela" />
		<Unit filename="115_Kangaskha" />
		<Unit filename="116_Horsea" />
		<Unit filename="117_Seadra" />
		<Unit filename="118_Goldeen" />
		<Unit filename="119_Seaking" />
		<Unit filename="120_Staryu" />
		<Unit filename="121_Starmie" />
		<Unit filename="122_MrMime" />
		<Unit filename="123_Scyther" />
		<Unit filename="124_Jynx" />
		<Unit filename="125_Electabuzz" />
		<Unit filename="126_Magmar" />
		<Unit filename="127_Pinsir" />
		<Unit filename="128_Tauros" />
		<Unit filename="129_Magikarp" />
		<Unit filename="130_Gyarados" />
		<Unit filename="131_Lapras" />
		<Unit filename="132_Ditto" />
		<Unit filename="133_Eevee" />
		<Unit filename="134_Vaporeon" />
		<Unit filename="135_Jolteon" />
		<Unit filename="136_Flareon" />
		<Unit filename="137_Porygon" />
		<Unit filename="138_Omanyte" />
		<Unit filename="139_Omastar" />
		<Unit filename="140_Kabuto" />
		<Unit filename="141_Kabutops" />
		<Unit filename="142_Aerodactyl" />
		<Unit filename="143_Snorlax" />
		<Unit filename="144_Articuno" />
		<Unit filename="145_Zapdos" />
		<Unit filename="146_Moltres" />
		<Unit filename="147_Dratini" />
		<Unit filename="148_Dragonair" />
		<Unit filename="149_Dragonite" />
		<Unit filename="150_Mewtwo" />
		<Unit filename="Background.h" />
		<Unit filename="Forest_Background" />
		<Unit filename="GameOver.h" />
		<Unit filename="GameOver_Animation" />
		<Unit filename="NumberList" />
		<Unit filename="Number_00.txt" />
		<Unit filename="Number_01.txt" />
		<Unit filename="Number_02.txt" />
		<Unit filename="Number_03.txt" />
		<Unit filename="Number_04.txt" />
		<Unit filename="Number_05.txt" />
		<Unit filename="Number_06.txt" />
		<Unit filename="Number_07.txt" />
		<Unit filename="Number_08.txt" />
		<Unit filename="Number_09.txt" />
		<Unit filename="Number_10.txt" />
		<Unit filename="Number_11.txt" />
		<Unit filename="Number_12.txt" />
		<Unit filename="Number_13.txt" />
		<Unit filename="Number_14.txt" />
		<Unit filename="Number_15.txt" />
		<Unit filename="Number_16.txt" />
		<Unit filename="Number_17.txt" />
		<Unit filename="Number_18.txt" />
		<Unit filename="Number_19.txt" />
		<Unit filename="Number_20.txt" />
		<Unit filename="Number_21.txt" />
		<Unit filename="Number_22.txt" />
		<Unit filename="Number_23.txt" />
		<Unit filename="Number_24.txt" />
		<Unit filename="Number_25.txt" />
		<Unit filename="Number_26.txt" />
		<Unit filename="Number_27.txt" />
		<Unit filename="Number_28.txt" />
		<Unit filename="Number_29.txt" />
		<Unit filename="Number_30.txt" />
		<Unit filename="Number_31.txt" />
		<Unit filename="Number_32.txt" />
		<Unit filename="Number_33.txt" />
		<Unit filename="Number_34.txt" />
		<Unit filename="Number_35.txt" />
		<Unit filename="Number_36.txt" />
		<Unit filename="Number_37.txt" />
		<Unit filename="Number_38.txt" />
		<Unit filename="Number_39.txt" />
		<Unit filename="Number_40.txt" />
		<Unit filename="Number_41.txt" />
		<Unit filename="Number_42.txt" />
		<Unit filename="Number_43.txt" />
		<Unit filename="Number_44.txt" />
		<Unit filename="Number_45.txt" />
		<Unit filename="Number_46.txt" />
		<Unit filename="Number_47.txt" />
		<Unit filename="Number_48.txt" />
		<Unit filename="Number_49.txt" />
		<Unit filename="Number_50.txt" />
		<Unit filename="Number_51.txt" />
		<Unit filename="Number_52.txt" />
		<Unit filename="Number_53.txt" />
		<Unit filename="Number_54.txt" />
		<Unit filename="Number_55.txt" />
		<Unit filename="Number_56.txt" />
		<Unit filename="Number_57.txt" />
		<Unit filename="Number_58.txt" />
		<Unit filename="Number_59.txt" />
		<Unit filename="Number_60.txt" />
		<Unit filename="Opening_Animation" />
		<Unit filename="Opening_Animation.h" />
		<Unit filename="Phone.h" />
		<Unit filename="PointList" />
		<Unit filename="Points_100.txt" />
		<Unit filename="Points_1000.txt" />
		<Unit filename="Points_1100.txt" />
		<Unit filename="Points_1200.txt" />
		<Unit filename="Points_1300.txt" />
		<Unit filename="Points_1400.txt" />
		<Unit filename="Points_1500.txt" />
		<Unit filename="Points_1600.txt" />
		<Unit filename="Points_1700.txt" />
		<Unit filename="Points_1800.txt" />
		<Unit filename="Points_1900.txt" />
		<Unit filename="Points_200.txt" />
		<Unit filename="Points_2000.txt" />
		<Unit filename="Points_300.txt" />
		<Unit filename="Points_400.txt" />
		<Unit filename="Points_500.txt" />
		<Unit filename="Points_600.txt" />
		<Unit filename="Points_700.txt" />
		<Unit filename="Points_800.txt" />
		<Unit filename="Points_900.txt" />
		<Unit filename="Pokemon List" />
		<Unit filename="Pokemon.h" />
		<Unit filename="SDL_Plotter.h" />
		<Unit filename="Screen" />
		<Unit filename="TextBox.h" />
		<Unit filename="Trainer.h" />
		<Unit filename="Trainer_MovingLeftFoot_Backward" />
		<Unit filename="Trainer_MovingLeftFoot_Forward" />
		<Unit filename="Trainer_MovingRightFoot_Backward" />
		<Unit filename="Trainer_MovingRightFoot_Forward" />
		<Unit filename="Trainer_Moving_Left" />
		<Unit filename="Trainer_Moving_Right" />
		<Unit filename="Trainer_ProfessorBooth" />
		<Unit filename="Trainer_SafariGuide" />
		<Unit filename="Trainer_Still_Backward" />
		<Unit filename="Trainer_Still_Forward" />
		<Unit filename="Trainer_Still_Left" />
		<Unit filename="Trainer_Still_Right" />
		<Unit filename="main.cpp" />
		<Unit filename="myPoints.h" />
		<Unit filename="myTimer.h" />
		<Extensions>
			<code_completion />
			<envvars />
			<debugger />
		</Extensions>
	</Project>
</CodeBlocks_project_file>
